
Microsoft Visual Studio Solution File, Format Version 12.00
# Visual Studio Version 17
VisualStudioVersion = 17.11.35327.3
MinimumVisualStudioVersion = 10.0.40219.1
Project("{9A19103F-16F7-4668-BE54-9A1E7A4F7556}") = "MyProject1", "MyProject1.csproj", "{64C06E8C-EBBD-48D7-9C7C-C3F73B5CB58F}"
EndProject
Project("{9A19103F-16F7-4668-BE54-9A1E7A4F7556}") = "Gateway", "..\Gateway\Gateway.csproj", "{72B07F58-563E-409E-86EE-483B4EE821B0}"
EndProject
Project("{2150E333-8FDC-42A3-9474-1A3956D46DE8}") = "Gateawy", "Gateawy", "{AA54CC43-8527-48CF-A41C-8DB1508E92F2}"
EndProject
Global
	GlobalSection(SolutionConfigurationPlatforms) = preSolution
		Debug|Any CPU = Debug|Any CPU
		Release|Any CPU = Release|Any CPU
	EndGlobalSection
	GlobalSection(ProjectConfigurationPlatforms) = postSolution
		{64C06E8C-EBBD-48D7-9C7C-C3F73B5CB58F}.Debug|Any CPU.ActiveCfg = Debug|Any CPU
		{64C06E8C-EBBD-48D7-9C7C-C3F73B5CB58F}.Debug|Any CPU.Build.0 = Debug|Any CPU
		{64C06E8C-EBBD-48D7-9C7C-C3F73B5CB58F}.Release|Any CPU.ActiveCfg = Release|Any CPU
		{64C06E8C-EBBD-48D7-9C7C-C3F73B5CB58F}.Release|Any CPU.Build.0 = Release|Any CPU
		{72B07F58-563E-409E-86EE-483B4EE821B0}.Debug|Any CPU.ActiveCfg = Debug|Any CPU
		{72B07F58-563E-409E-86EE-483B4EE821B0}.Debug|Any CPU.Build.0 = Debug|Any CPU
		{72B07F58-563E-409E-86EE-483B4EE821B0}.Release|Any CPU.ActiveCfg = Release|Any CPU
		{72B07F58-563E-409E-86EE-483B4EE821B0}.Release|Any CPU.Build.0 = Release|Any CPU
	EndGlobalSection
	GlobalSection(SolutionProperties) = preSolution
		HideSolutionNode = FALSE
	EndGlobalSection
	GlobalSection(NestedProjects) = preSolution
		{64C06E8C-EBBD-48D7-9C7C-C3F73B5CB58F} = {AA54CC43-8527-48CF-A41C-8DB1508E92F2}
		{72B07F58-563E-409E-86EE-483B4EE821B0} = {AA54CC43-8527-48CF-A41C-8DB1508E92F2}
	EndGlobalSection
	GlobalSection(ExtensibilityGlobals) = postSolution
		SolutionGuid = {CCC90FE0-1739-4D2C-93BC-FF19881399F9}
	EndGlobalSection
EndGlobal
